
Microsoft Visual Studio Solution File, Format Version 12.00
# Visual Studio Version 16
VisualStudioVersion = 16.0.30711.63
MinimumVisualStudioVersion = 10.0.40219.1
Project("{8BC9CEB8-8B4A-11D0-8D11-00A0C91BC942}") = "11주차", "11주차\11주차.vcxproj", "{97473C53-A7DA-4612-BCCA-9E4A3CB9034F}"
EndProject
Global
	GlobalSection(SolutionConfigurationPlatforms) = preSolution
		Debug|x64 = Debug|x64
		Debug|x86 = Debug|x86
		Release|x64 = Release|x64
		Release|x86 = Release|x86
	EndGlobalSection
	GlobalSection(ProjectConfigurationPlatforms) = postSolution
		{97473C53-A7DA-4612-BCCA-9E4A3CB9034F}.Debug|x64.ActiveCfg = Debug|x64
		{97473C53-A7DA-4612-BCCA-9E4A3CB9034F}.Debug|x64.Build.0 = Debug|x64
		{97473C53-A7DA-4612-BCCA-9E4A3CB9034F}.Debug|x86.ActiveCfg = Debug|Win32
		{97473C53-A7DA-4612-BCCA-9E4A3CB9034F}.Debug|x86.Build.0 = Debug|Win32
		{97473C53-A7DA-4612-BCCA-9E4A3CB9034F}.Release|x64.ActiveCfg = Release|x64
		{97473C53-A7DA-4612-BCCA-9E4A3CB9034F}.Release|x64.Build.0 = Release|x64
		{97473C53-A7DA-4612-BCCA-9E4A3CB9034F}.Release|x86.ActiveCfg = Release|Win32
		{97473C53-A7DA-4612-BCCA-9E4A3CB9034F}.Release|x86.Build.0 = Release|Win32
	EndGlobalSection
	GlobalSection(SolutionProperties) = preSolution
		HideSolutionNode = FALSE
	EndGlobalSection
	GlobalSection(ExtensibilityGlobals) = postSolution
		SolutionGuid = {048133C1-71A5-45D9-B4C4-4CDD19F84E43}
	EndGlobalSection
EndGlobal
